{
	"name": "nightdream",
	"version": "0.2.0",
	"lockfileVersion": 3,
	"requires": true,
	"packages": {
		"": {
			"name": "nightdream",
			"version": "0.2.0",
			"license": "GPL-3.0-only",
			"devDependencies": {
				"painless-vsctheming": "^0.1.1"
			},
			"engines": {
				"vscode": "^1.87.0"
			}
		},
		"node_modules/chroma-js": {
			"version": "3.1.1",
			"resolved": "https://registry.npmjs.org/chroma-js/-/chroma-js-3.1.1.tgz",
			"integrity": "sha512-CGr6w73Gi86142RWqZ1RjED/CyduYw2vMTikQZUvr2jGIihnZlMo/Kzm9rYHWDP2pJc6eebwc8CkX0iteBon+A==",
			"dev": true,
			"license": "(BSD-3-Clause AND Apache-2.0)",
			"peer": true
		},
		"node_modules/painless-vsctheming": {
			"version": "0.1.1",
			"resolved": "https://registry.npmjs.org/painless-vsctheming/-/painless-vsctheming-0.1.1.tgz",
			"integrity": "sha512-cbidZyJOxf1Xj8pUo3IkGRv9XL0MSIHWHClFbdnMbGzDoJxzIq0T5KI8LocM89HgaZoswTWL+mcwiBu8uO7G5w==",
			"dev": true,
			"license": "GPL-3.0",
			"peerDependencies": {
				"chroma-js": "^3.0.0"
			}
		}
	}
}
